
Microsoft Visual Studio Solution File, Format Version 12.00
# Visual Studio Version 16
VisualStudioVersion = 16.0.31911.196
MinimumVisualStudioVersion = 10.0.40219.1
Project("{9A19103F-16F7-4668-BE54-9A1E7A4F7556}") = "SkeletonLib", "SkeletonLib.prj\SkeletonLib.csproj", "{1B2E626F-CF03-4C34-9E49-457937919B3A}"
EndProject
Project("{2150E333-8FDC-42A3-9474-1A3956D46DE8}") = "test", "test", "{C554C640-D1AB-4AAC-A614-5761F392CE3E}"
EndProject
Project("{9A19103F-16F7-4668-BE54-9A1E7A4F7556}") = "test", "test\test.csproj", "{7FBF56C4-F952-488A-90B3-B139B26CE567}"
EndProject
Project("{2150E333-8FDC-42A3-9474-1A3956D46DE8}") = "tests", "tests", "{0C03197D-1637-4388-9506-8E6BE0E04EBE}"
EndProject
Project("{FAE04EC0-301F-11D3-BF4B-00C04F79EFBC}") = "SkeletonLib.Tests", "SkeletonLib.Tests\SkeletonLib.Tests.csproj", "{853D48DC-1434-4564-AC7F-EF96ABD6D811}"
EndProject
Global
	GlobalSection(SolutionConfigurationPlatforms) = preSolution
		Debug|Any CPU = Debug|Any CPU
		Release|Any CPU = Release|Any CPU
	EndGlobalSection
	GlobalSection(ProjectConfigurationPlatforms) = postSolution
		{1B2E626F-CF03-4C34-9E49-457937919B3A}.Debug|Any CPU.ActiveCfg = Debug|Any CPU
		{1B2E626F-CF03-4C34-9E49-457937919B3A}.Debug|Any CPU.Build.0 = Debug|Any CPU
		{1B2E626F-CF03-4C34-9E49-457937919B3A}.Release|Any CPU.ActiveCfg = Release|Any CPU
		{1B2E626F-CF03-4C34-9E49-457937919B3A}.Release|Any CPU.Build.0 = Release|Any CPU
		{7FBF56C4-F952-488A-90B3-B139B26CE567}.Debug|Any CPU.ActiveCfg = Debug|Any CPU
		{7FBF56C4-F952-488A-90B3-B139B26CE567}.Debug|Any CPU.Build.0 = Debug|Any CPU
		{7FBF56C4-F952-488A-90B3-B139B26CE567}.Release|Any CPU.ActiveCfg = Release|Any CPU
		{7FBF56C4-F952-488A-90B3-B139B26CE567}.Release|Any CPU.Build.0 = Release|Any CPU
		{853D48DC-1434-4564-AC7F-EF96ABD6D811}.Debug|Any CPU.ActiveCfg = Debug|Any CPU
		{853D48DC-1434-4564-AC7F-EF96ABD6D811}.Debug|Any CPU.Build.0 = Debug|Any CPU
		{853D48DC-1434-4564-AC7F-EF96ABD6D811}.Release|Any CPU.ActiveCfg = Release|Any CPU
		{853D48DC-1434-4564-AC7F-EF96ABD6D811}.Release|Any CPU.Build.0 = Release|Any CPU
	EndGlobalSection
	GlobalSection(SolutionProperties) = preSolution
		HideSolutionNode = FALSE
	EndGlobalSection
	GlobalSection(NestedProjects) = preSolution
		{7FBF56C4-F952-488A-90B3-B139B26CE567} = {C554C640-D1AB-4AAC-A614-5761F392CE3E}
		{853D48DC-1434-4564-AC7F-EF96ABD6D811} = {0C03197D-1637-4388-9506-8E6BE0E04EBE}
	EndGlobalSection
	GlobalSection(ExtensibilityGlobals) = postSolution
		SolutionGuid = {58B3E2A2-9AE3-4BB4-B02B-5BF6684503CF}
	EndGlobalSection
EndGlobal
